// !$*UTF8*$!
{
	archiveVersion = 1;
	classes = {
	};
	objectVersion = 46;
	objects = {

/* Begin PBXBuildFile section */
		2752EA6718E8DA1A001EF848 /* Foundation.framework in Frameworks */ = {isa = PBXBuildFile; fileRef = 2752EA6618E8DA1A001EF848 /* Foundation.framework */; };
		2752EA6918E8DA1A001EF848 /* CoreGraphics.framework in Frameworks */ = {isa = PBXBuildFile; fileRef = 2752EA6818E8DA1A001EF848 /* CoreGraphics.framework */; };
		2752EA6B18E8DA1A001EF848 /* UIKit.framework in Frameworks */ = {isa = PBXBuildFile; fileRef = 2752EA6A18E8DA1A001EF848 /* UIKit.framework */; };
		2752EA7118E8DA1A001EF848 /* InfoPlist.strings in Resources */ = {isa = PBXBuildFile; fileRef = 2752EA6F18E8DA1A001EF848 /* InfoPlist.strings */; };
		2752EA7318E8DA1A001EF848 /* main.m in Sources */ = {isa = PBXBuildFile; fileRef = 2752EA7218E8DA1A001EF848 /* main.m */; };
		2752EA7718E8DA1A001EF848 /* MackenzieAppDelegate.m in Sources */ = {isa = PBXBuildFile; fileRef = 2752EA7618E8DA1A001EF848 /* MackenzieAppDelegate.m */; };
		2752EA7918E8DA1A001EF848 /* Images.xcassets in Resources */ = {isa = PBXBuildFile; fileRef = 2752EA7818E8DA1A001EF848 /* Images.xcassets */; };
		2752EA8018E8DA1A001EF848 /* XCTest.framework in Frameworks */ = {isa = PBXBuildFile; fileRef = 2752EA7F18E8DA1A001EF848 /* XCTest.framework */; };
		2752EA8118E8DA1A001EF848 /* Foundation.framework in Frameworks */ = {isa = PBXBuildFile; fileRef = 2752EA6618E8DA1A001EF848 /* Foundation.framework */; };
		2752EA8218E8DA1A001EF848 /* UIKit.framework in Frameworks */ = {isa = PBXBuildFile; fileRef = 2752EA6A18E8DA1A001EF848 /* UIKit.framework */; };
		2752EA8A18E8DA1A001EF848 /* InfoPlist.strings in Resources */ = {isa = PBXBuildFile; fileRef = 2752EA8818E8DA1A001EF848 /* InfoPlist.strings */; };
		2752EA8C18E8DA1A001EF848 /* ReceitasTests.m in Sources */ = {isa = PBXBuildFile; fileRef = 2752EA8B18E8DA1A001EF848 /* ReceitasTests.m */; };
		2752EA9718E8DA81001EF848 /* ReceitaStore.m in Sources */ = {isa = PBXBuildFile; fileRef = 2752EA9618E8DA81001EF848 /* ReceitaStore.m */; };
		2752EA9A18E8DB92001EF848 /* Receita.m in Sources */ = {isa = PBXBuildFile; fileRef = 2752EA9918E8DB92001EF848 /* Receita.m */; };
		2752EA9D18E8DC9F001EF848 /* ReceitaViewController.m in Sources */ = {isa = PBXBuildFile; fileRef = 2752EA9C18E8DC9F001EF848 /* ReceitaViewController.m */; };
/* End PBXBuildFile section */

/* Begin PBXContainerItemProxy section */
		2752EA8318E8DA1A001EF848 /* PBXContainerItemProxy */ = {
			isa = PBXContainerItemProxy;
			containerPortal = 2752EA5B18E8DA1A001EF848 /* Project object */;
			proxyType = 1;
			remoteGlobalIDString = 2752EA6218E8DA1A001EF848;
			remoteInfo = Receitas;
		};
/* End PBXContainerItemProxy section */

/* Begin PBXFileReference section */
		2752EA6318E8DA1A001EF848 /* Receitas.app */ = {isa = PBXFileReference; explicitFileType = wrapper.application; includeInIndex = 0; path = Receitas.app; sourceTree = BUILT_PRODUCTS_DIR; };
		2752EA6618E8DA1A001EF848 /* Foundation.framework */ = {isa = PBXFileReference; lastKnownFileType = wrapper.framework; name = Foundation.framework; path = System/Library/Frameworks/Foundation.framework; sourceTree = SDKROOT; };
		2752EA6818E8DA1A001EF848 /* CoreGraphics.framework */ = {isa = PBXFileReference; lastKnownFileType = wrapper.framework; name = CoreGraphics.framework; path = System/Library/Frameworks/CoreGraphics.framework; sourceTree = SDKROOT; };
		2752EA6A18E8DA1A001EF848 /* UIKit.framework */ = {isa = PBXFileReference; lastKnownFileType = wrapper.framework; name = UIKit.framework; path = System/Library/Frameworks/UIKit.framework; sourceTree = SDKROOT; };
		2752EA6E18E8DA1A001EF848 /* Receitas-Info.plist */ = {isa = PBXFileReference; lastKnownFileType = text.plist.xml; path = "Receitas-Info.plist"; sourceTree = "<group>"; };
		2752EA7018E8DA1A001EF848 /* en */ = {isa = PBXFileReference; lastKnownFileType = text.plist.strings; name = en; path = en.lproj/InfoPlist.strings; sourceTree = "<group>"; };
		2752EA7218E8DA1A001EF848 /* main.m */ = {isa = PBXFileReference; lastKnownFileType = sourcecode.c.objc; path = main.m; sourceTree = "<group>"; };
		2752EA7418E8DA1A001EF848 /* Receitas-Prefix.pch */ = {isa = PBXFileReference; lastKnownFileType = sourcecode.c.h; path = "Receitas-Prefix.pch"; sourceTree = "<group>"; };
		2752EA7518E8DA1A001EF848 /* MackenzieAppDelegate.h */ = {isa = PBXFileReference; lastKnownFileType = sourcecode.c.h; path = MackenzieAppDelegate.h; sourceTree = "<group>"; };
		2752EA7618E8DA1A001EF848 /* MackenzieAppDelegate.m */ = {isa = PBXFileReference; lastKnownFileType = sourcecode.c.objc; path = MackenzieAppDelegate.m; sourceTree = "<group>"; };
		2752EA7818E8DA1A001EF848 /* Images.xcassets */ = {isa = PBXFileReference; lastKnownFileType = folder.assetcatalog; path = Images.xcassets; sourceTree = "<group>"; };
		2752EA7E18E8DA1A001EF848 /* ReceitasTests.xctest */ = {isa = PBXFileReference; explicitFileType = wrapper.cfbundle; includeInIndex = 0; path = ReceitasTests.xctest; sourceTree = BUILT_PRODUCTS_DIR; };
		2752EA7F18E8DA1A001EF848 /* XCTest.framework */ = {isa = PBXFileReference; lastKnownFileType = wrapper.framework; name = XCTest.framework; path = Library/Frameworks/XCTest.framework; sourceTree = DEVELOPER_DIR; };
		2752EA8718E8DA1A001EF848 /* ReceitasTests-Info.plist */ = {isa = PBXFileReference; lastKnownFileType = text.plist.xml; path = "ReceitasTests-Info.plist"; sourceTree = "<group>"; };
		2752EA8918E8DA1A001EF848 /* en */ = {isa = PBXFileReference; lastKnownFileType = text.plist.strings; name = en; path = en.lproj/InfoPlist.strings; sourceTree = "<group>"; };
		2752EA8B18E8DA1A001EF848 /* ReceitasTests.m */ = {isa = PBXFileReference; lastKnownFileType = sourcecode.c.objc; path = ReceitasTests.m; sourceTree = "<group>"; };
		2752EA9518E8DA81001EF848 /* ReceitaStore.h */ = {isa = PBXFileReference; fileEncoding = 4; lastKnownFileType = sourcecode.c.h; path = ReceitaStore.h; sourceTree = "<group>"; };
		2752EA9618E8DA81001EF848 /* ReceitaStore.m */ = {isa = PBXFileReference; fileEncoding = 4; lastKnownFileType = sourcecode.c.objc; path = ReceitaStore.m; sourceTree = "<group>"; };
		2752EA9818E8DB92001EF848 /* Receita.h */ = {isa = PBXFileReference; fileEncoding = 4; lastKnownFileType = sourcecode.c.h; path = Receita.h; sourceTree = "<group>"; };
		2752EA9918E8DB92001EF848 /* Receita.m */ = {isa = PBXFileReference; fileEncoding = 4; lastKnownFileType = sourcecode.c.objc; path = Receita.m; sourceTree = "<group>"; };
		2752EA9B18E8DC9F001EF848 /* ReceitaViewController.h */ = {isa = PBXFileReference; fileEncoding = 4; lastKnownFileType = sourcecode.c.h; path = ReceitaViewController.h; sourceTree = "<group>"; };
		2752EA9C18E8DC9F001EF848 /* ReceitaViewController.m */ = {isa = PBXFileReference; fileEncoding = 4; lastKnownFileType = sourcecode.c.objc; path = ReceitaViewController.m; sourceTree = "<group>"; };
/* End PBXFileReference section */

/* Begin PBXFrameworksBuildPhase section */
		2752EA6018E8DA1A001EF848 /* Frameworks */ = {
			isa = PBXFrameworksBuildPhase;
			buildActionMask = 2147483647;
			files = (
				2752EA6918E8DA1A001EF848 /* CoreGraphics.framework in Frameworks */,
				2752EA6B18E8DA1A001EF848 /* UIKit.framework in Frameworks */,
				2752EA6718E8DA1A001EF848 /* Foundation.framework in Frameworks */,
			);
			runOnlyForDeploymentPostprocessing = 0;
		};
		2752EA7B18E8DA1A001EF848 /* Frameworks */ = {
			isa = PBXFrameworksBuildPhase;
			buildActionMask = 2147483647;
			files = (
				2752EA8018E8DA1A001EF848 /* XCTest.framework in Frameworks */,
				2752EA8218E8DA1A001EF848 /* UIKit.framework in Frameworks */,
				2752EA8118E8DA1A001EF848 /* Foundation.framework in Frameworks */,
			);
			runOnlyForDeploymentPostprocessing = 0;
		};
/* End PBXFrameworksBuildPhase section */

/* Begin PBXGroup section */
		2752EA5A18E8DA1A001EF848 = {
			isa = PBXGroup;
			children = (
				2752EA6C18E8DA1A001EF848 /* Receitas */,
				2752EA8518E8DA1A001EF848 /* ReceitasTests */,
				2752EA6518E8DA1A001EF848 /* Frameworks */,
				2752EA6418E8DA1A001EF848 /* Products */,
			);
			sourceTree = "<group>";
		};
		2752EA6418E8DA1A001EF848 /* Products */ = {
			isa = PBXGroup;
			children = (
				2752EA6318E8DA1A001EF848 /* Receitas.app */,
				2752EA7E18E8DA1A001EF848 /* ReceitasTests.xctest */,
			);
			name = Products;
			sourceTree = "<group>";
		};
		2752EA6518E8DA1A001EF848 /* Frameworks */ = {
			isa = PBXGroup;
			children = (
				2752EA6618E8DA1A001EF848 /* Foundation.framework */,
				2752EA6818E8DA1A001EF848 /* CoreGraphics.framework */,
				2752EA6A18E8DA1A001EF848 /* UIKit.framework */,
				2752EA7F18E8DA1A001EF848 /* XCTest.framework */,
			);
			name = Frameworks;
			sourceTree = "<group>";
		};
		2752EA6C18E8DA1A001EF848 /* Receitas */ = {
			isa = PBXGroup;
			children = (
				2752EA7518E8DA1A001EF848 /* MackenzieAppDelegate.h */,
				2752EA7618E8DA1A001EF848 /* MackenzieAppDelegate.m */,
				2752EA9518E8DA81001EF848 /* ReceitaStore.h */,
				2752EA9618E8DA81001EF848 /* ReceitaStore.m */,
				2752EA7818E8DA1A001EF848 /* Images.xcassets */,
				2752EA6D18E8DA1A001EF848 /* Supporting Files */,
				2752EA9818E8DB92001EF848 /* Receita.h */,
				2752EA9918E8DB92001EF848 /* Receita.m */,
				2752EA9B18E8DC9F001EF848 /* ReceitaViewController.h */,
				2752EA9C18E8DC9F001EF848 /* ReceitaViewController.m */,
			);
			path = Receitas;
			sourceTree = "<group>";
		};
		2752EA6D18E8DA1A001EF848 /* Supporting Files */ = {
			isa = PBXGroup;
			children = (
				2752EA6E18E8DA1A001EF848 /* Receitas-Info.plist */,
				2752EA6F18E8DA1A001EF848 /* InfoPlist.strings */,
				2752EA7218E8DA1A001EF848 /* main.m */,
				2752EA7418E8DA1A001EF848 /* Receitas-Prefix.pch */,
			);
			name = "Supporting Files";
			sourceTree = "<group>";
		};
		2752EA8518E8DA1A001EF848 /* ReceitasTests */ = {
			isa = PBXGroup;
			children = (
				2752EA8B18E8DA1A001EF848 /* ReceitasTests.m */,
				2752EA8618E8DA1A001EF848 /* Supporting Files */,
			);
			path = ReceitasTests;
			sourceTree = "<group>";
		};
		2752EA8618E8DA1A001EF848 /* Supporting Files */ = {
			isa = PBXGroup;
			children = (
				2752EA8718E8DA1A001EF848 /* ReceitasTests-Info.plist */,
				2752EA8818E8DA1A001EF848 /* InfoPlist.strings */,
			);
			name = "Supporting Files";
			sourceTree = "<group>";
		};
/* End PBXGroup section */

/* Begin PBXNativeTarget section */
		2752EA6218E8DA1A001EF848 /* Receitas */ = {
			isa = PBXNativeTarget;
			buildConfigurationList = 2752EA8F18E8DA1A001EF848 /* Build configuration list for PBXNativeTarget "Receitas" */;
			buildPhases = (
				2752EA5F18E8DA1A001EF848 /* Sources */,
				2752EA6018E8DA1A001EF848 /* Frameworks */,
				2752EA6118E8DA1A001EF848 /* Resources */,
			);
			buildRules = (
			);
			dependencies = (
			);
			name = Receitas;
			productName = Receitas;
			productReference = 2752EA6318E8DA1A001EF848 /* Receitas.app */;
			productType = "com.apple.product-type.application";
		};
		2752EA7D18E8DA1A001EF848 /* ReceitasTests */ = {
			isa = PBXNativeTarget;
			buildConfigurationList = 2752EA9218E8DA1A001EF848 /* Build configuration list for PBXNativeTarget "ReceitasTests" */;
			buildPhases = (
				2752EA7A18E8DA1A001EF848 /* Sources */,
				2752EA7B18E8DA1A001EF848 /* Frameworks */,
				2752EA7C18E8DA1A001EF848 /* Resources */,
			);
			buildRules = (
			);
			dependencies = (
				2752EA8418E8DA1A001EF848 /* PBXTargetDependency */,
			);
			name = ReceitasTests;
			productName = ReceitasTests;
			productReference = 2752EA7E18E8DA1A001EF848 /* ReceitasTests.xctest */;
			productType = "com.apple.product-type.bundle.unit-test";
		};
/* End PBXNativeTarget section */

/* Begin PBXProject section */
		2752EA5B18E8DA1A001EF848 /* Project object */ = {
			isa = PBXProject;
			attributes = {
				CLASSPREFIX = Mackenzie;
				LastUpgradeCheck = 0510;
				ORGANIZATIONNAME = "Vinicius Miana";
				TargetAttributes = {
					2752EA7D18E8DA1A001EF848 = {
						TestTargetID = 2752EA6218E8DA1A001EF848;
					};
				};
			};
			buildConfigurationList = 2752EA5E18E8DA1A001EF848 /* Build configuration list for PBXProject "Receitas" */;
			compatibilityVersion = "Xcode 3.2";
			developmentRegion = English;
			hasScannedForEncodings = 0;
			knownRegions = (
				en,
			);
			mainGroup = 2752EA5A18E8DA1A001EF848;
			productRefGroup = 2752EA6418E8DA1A001EF848 /* Products */;
			projectDirPath = "";
			projectRoot = "";
			targets = (
				2752EA6218E8DA1A001EF848 /* Receitas */,
				2752EA7D18E8DA1A001EF848 /* ReceitasTests */,
			);
		};
/* End PBXProject section */

/* Begin PBXResourcesBuildPhase section */
		2752EA6118E8DA1A001EF848 /* Resources */ = {
			isa = PBXResourcesBuildPhase;
			buildActionMask = 2147483647;
			files = (
				2752EA7118E8DA1A001EF848 /* InfoPlist.strings in Resources */,
				2752EA7918E8DA1A001EF848 /* Images.xcassets in Resources */,
			);
			runOnlyForDeploymentPostprocessing = 0;
		};
		2752EA7C18E8DA1A001EF848 /* Resources */ = {
			isa = PBXResourcesBuildPhase;
			buildActionMask = 2147483647;
			files = (
				2752EA8A18E8DA1A001EF848 /* InfoPlist.strings in Resources */,
			);
			runOnlyForDeploymentPostprocessing = 0;
		};
/* End PBXResourcesBuildPhase section */

/* Begin PBXSourcesBuildPhase section */
		2752EA5F18E8DA1A001EF848 /* Sources */ = {
			isa = PBXSourcesBuildPhase;
			buildActionMask = 2147483647;
			files = (
				2752EA7718E8DA1A001EF848 /* MackenzieAppDelegate.m in Sources */,
				2752EA9D18E8DC9F001EF848 /* ReceitaViewController.m in Sources */,
				2752EA9A18E8DB92001EF848 /* Receita.m in Sources */,
				2752EA7318E8DA1A001EF848 /* main.m in Sources */,
				2752EA9718E8DA81001EF848 /* ReceitaStore.m in Sources */,
			);
			runOnlyForDeploymentPostprocessing = 0;
		};
		2752EA7A18E8DA1A001EF848 /* Sources */ = {
			isa = PBXSourcesBuildPhase;
			buildActionMask = 2147483647;
			files = (
				2752EA8C18E8DA1A001EF848 /* ReceitasTests.m in Sources */,
			);
			runOnlyForDeploymentPostprocessing = 0;
		};
/* End PBXSourcesBuildPhase section */

/* Begin PBXTargetDependency section */
		2752EA8418E8DA1A001EF848 /* PBXTargetDependency */ = {
			isa = PBXTargetDependency;
			target = 2752EA6218E8DA1A001EF848 /* Receitas */;
			targetProxy = 2752EA8318E8DA1A001EF848 /* PBXContainerItemProxy */;
		};
/* End PBXTargetDependency section */

/* Begin PBXVariantGroup section */
		2752EA6F18E8DA1A001EF848 /* InfoPlist.strings */ = {
			isa = PBXVariantGroup;
			children = (
				2752EA7018E8DA1A001EF848 /* en */,
			);
			name = InfoPlist.strings;
			sourceTree = "<group>";
		};
		2752EA8818E8DA1A001EF848 /* InfoPlist.strings */ = {
			isa = PBXVariantGroup;
			children = (
				2752EA8918E8DA1A001EF848 /* en */,
			);
			name = InfoPlist.strings;
			sourceTree = "<group>";
		};
/* End PBXVariantGroup section */

/* Begin XCBuildConfiguration section */
		2752EA8D18E8DA1A001EF848 /* Debug */ = {
			isa = XCBuildConfiguration;
			buildSettings = {
				ALWAYS_SEARCH_USER_PATHS = NO;
				CLANG_CXX_LANGUAGE_STANDARD = "gnu++0x";
				CLANG_CXX_LIBRARY = "libc++";
				CLANG_ENABLE_MODULES = YES;
				CLANG_ENABLE_OBJC_ARC = YES;
				CLANG_WARN_BOOL_CONVERSION = YES;
				CLANG_WARN_CONSTANT_CONVERSION = YES;
				CLANG_WARN_DIRECT_OBJC_ISA_USAGE = YES_ERROR;
				CLANG_WARN_EMPTY_BODY = YES;
				CLANG_WARN_ENUM_CONVERSION = YES;
				CLANG_WARN_INT_CONVERSION = YES;
				CLANG_WARN_OBJC_ROOT_CLASS = YES_ERROR;
				CLANG_WARN__DUPLICATE_METHOD_MATCH = YES;
				"CODE_SIGN_IDENTITY[sdk=iphoneos*]" = "iPhone Developer";
				COPY_PHASE_STRIP = NO;
				GCC_C_LANGUAGE_STANDARD = gnu99;
				GCC_DYNAMIC_NO_PIC = NO;
				GCC_OPTIMIZATION_LEVEL = 0;
				GCC_PREPROCESSOR_DEFINITIONS = (
					"DEBUG=1",
					"$(inherited)",
				);
				GCC_SYMBOLS_PRIVATE_EXTERN = NO;
				GCC_WARN_64_TO_32_BIT_CONVERSION = YES;
				GCC_WARN_ABOUT_RETURN_TYPE = YES_ERROR;
				GCC_WARN_UNDECLARED_SELECTOR = YES;
				GCC_WARN_UNINITIALIZED_AUTOS = YES_AGGRESSIVE;
				GCC_WARN_UNUSED_FUNCTION = YES;
				GCC_WARN_UNUSED_VARIABLE = YES;
				IPHONEOS_DEPLOYMENT_TARGET = 7.1;
				ONLY_ACTIVE_ARCH = YES;
				SDKROOT = iphoneos;
				TARGETED_DEVICE_FAMILY = "1,2";
			};
			name = Debug;
		};
		2752EA8E18E8DA1A001EF848 /* Release */ = {
			isa = XCBuildConfiguration;
			buildSettings = {
				ALWAYS_SEARCH_USER_PATHS = NO;
				CLANG_CXX_LANGUAGE_STANDARD = "gnu++0x";
				CLANG_CXX_LIBRARY = "libc++";
				CLANG_ENABLE_MODULES = YES;
				CLANG_ENABLE_OBJC_ARC = YES;
				CLANG_WARN_BOOL_CONVERSION = YES;
				CLANG_WARN_CONSTANT_CONVERSION = YES;
				CLANG_WARN_DIRECT_OBJC_ISA_USAGE = YES_ERROR;
				CLANG_WARN_EMPTY_BODY = YES;
				CLANG_WARN_ENUM_CONVERSION = YES;
				CLANG_WARN_INT_CONVERSION = YES;
				CLANG_WARN_OBJC_ROOT_CLASS = YES_ERROR;
				CLANG_WARN__DUPLICATE_METHOD_MATCH = YES;
				"CODE_SIGN_IDENTITY[sdk=iphoneos*]" = "iPhone Developer";
				COPY_PHASE_STRIP = YES;
				ENABLE_NS_ASSERTIONS = NO;
				GCC_C_LANGUAGE_STANDARD = gnu99;
				GCC_WARN_64_TO_32_BIT_CONVERSION = YES;
				GCC_WARN_ABOUT_RETURN_TYPE = YES_ERROR;
				GCC_WARN_UNDECLARED_SELECTOR = YES;
				GCC_WARN_UNINITIALIZED_AUTOS = YES_AGGRESSIVE;
				GCC_WARN_UNUSED_FUNCTION = YES;
				GCC_WARN_UNUSED_VARIABLE = YES;
				IPHONEOS_DEPLOYMENT_TARGET = 7.1;
				SDKROOT = iphoneos;
				TARGETED_DEVICE_FAMILY = "1,2";
				VALIDATE_PRODUCT = YES;
			};
			name = Release;
		};
		2752EA9018E8DA1A001EF848 /* Debug */ = {
			isa = XCBuildConfiguration;
			buildSettings = {
				ASSETCATALOG_COMPILER_APPICON_NAME = AppIcon;
				ASSETCATALOG_COMPILER_LAUNCHIMAGE_NAME = LaunchImage;
				GCC_PRECOMPILE_PREFIX_HEADER = YES;
				GCC_PREFIX_HEADER = "Receitas/Receitas-Prefix.pch";
				INFOPLIST_FILE = "Receitas/Receitas-Info.plist";
				PRODUCT_NAME = "$(TARGET_NAME)";
				WRAPPER_EXTENSION = app;
			};
			name = Debug;
		};
		2752EA9118E8DA1A001EF848 /* Release */ = {
			isa = XCBuildConfiguration;
			buildSettings = {
				ASSETCATALOG_COMPILER_APPICON_NAME = AppIcon;
				ASSETCATALOG_COMPILER_LAUNCHIMAGE_NAME = LaunchImage;
				GCC_PRECOMPILE_PREFIX_HEADER = YES;
				GCC_PREFIX_HEADER = "Receitas/Receitas-Prefix.pch";
				INFOPLIST_FILE = "Receitas/Receitas-Info.plist";
				PRODUCT_NAME = "$(TARGET_NAME)";
				WRAPPER_EXTENSION = app;
			};
			name = Release;
		};
		2752EA9318E8DA1A001EF848 /* Debug */ = {
			isa = XCBuildConfiguration;
			buildSettings = {
				BUNDLE_LOADER = "$(BUILT_PRODUCTS_DIR)/Receitas.app/Receitas";
				FRAMEWORK_SEARCH_PATHS = (
					"$(SDKROOT)/Developer/Library/Frameworks",
					"$(inherited)",
					"$(DEVELOPER_FRAMEWORKS_DIR)",
				);
				GCC_PRECOMPILE_PREFIX_HEADER = YES;
				GCC_PREFIX_HEADER = "Receitas/Receitas-Prefix.pch";
				GCC_PREPROCESSOR_DEFINITIONS = (
					"DEBUG=1",
					"$(inherited)",
				);
				INFOPLIST_FILE = "ReceitasTests/ReceitasTests-Info.plist";
				PRODUCT_NAME = "$(TARGET_NAME)";
				TEST_HOST = "$(BUNDLE_LOADER)";
				WRAPPER_EXTENSION = xctest;
			};
			name = Debug;
		};
		2752EA9418E8DA1A001EF848 /* Release */ = {
			isa = XCBuildConfiguration;
			buildSettings = {
				BUNDLE_LOADER = "$(BUILT_PRODUCTS_DIR)/Receitas.app/Receitas";
				FRAMEWORK_SEARCH_PATHS = (
					"$(SDKROOT)/Developer/Library/Frameworks",
					"$(inherited)",
					"$(DEVELOPER_FRAMEWORKS_DIR)",
				);
				GCC_PRECOMPILE_PREFIX_HEADER = YES;
				GCC_PREFIX_HEADER = "Receitas/Receitas-Prefix.pch";
				INFOPLIST_FILE = "ReceitasTests/ReceitasTests-Info.plist";
				PRODUCT_NAME = "$(TARGET_NAME)";
				TEST_HOST = "$(BUNDLE_LOADER)";
				WRAPPER_EXTENSION = xctest;
			};
			name = Release;
		};
/* End XCBuildConfiguration section */

/* Begin XCConfigurationList section */
		2752EA5E18E8DA1A001EF848 /* Build configuration list for PBXProject "Receitas" */ = {
			isa = XCConfigurationList;
			buildConfigurations = (
				2752EA8D18E8DA1A001EF848 /* Debug */,
				2752EA8E18E8DA1A001EF848 /* Release */,
			);
			defaultConfigurationIsVisible = 0;
			defaultConfigurationName = Release;
		};
		2752EA8F18E8DA1A001EF848 /* Build configuration list for PBXNativeTarget "Receitas" */ = {
			isa = XCConfigurationList;
			buildConfigurations = (
				2752EA9018E8DA1A001EF848 /* Debug */,
				2752EA9118E8DA1A001EF848 /* Release */,
			);
			defaultConfigurationIsVisible = 0;
		};
		2752EA9218E8DA1A001EF848 /* Build configuration list for PBXNativeTarget "ReceitasTests" */ = {
			isa = XCConfigurationList;
			buildConfigurations = (
				2752EA9318E8DA1A001EF848 /* Debug */,
				2752EA9418E8DA1A001EF848 /* Release */,
			);
			defaultConfigurationIsVisible = 0;
		};
/* End XCConfigurationList section */
	};
	rootObject = 2752EA5B18E8DA1A001EF848 /* Project object */;
}
